
Microsoft Visual Studio Solution File, Format Version 12.00
# Visual Studio Version 17
VisualStudioVersion = 17.4.33205.214
MinimumVisualStudioVersion = 10.0.40219.1
Project("{FAE04EC0-301F-11D3-BF4B-00C04F79EFBC}") = "RentMeFurnitureRentalSystem", "RentMeFurnitureRentalSystem.csproj", "{95FB11CC-3DC1-462D-A7EE-EF4F63CD29C8}"
EndProject
Global
	GlobalSection(SolutionConfigurationPlatforms) = preSolution
		Debug|Any CPU = Debug|Any CPU
		Release|Any CPU = Release|Any CPU
	EndGlobalSection
	GlobalSection(ProjectConfigurationPlatforms) = postSolution
		{95FB11CC-3DC1-462D-A7EE-EF4F63CD29C8}.Debug|Any CPU.ActiveCfg = Debug|Any CPU
		{95FB11CC-3DC1-462D-A7EE-EF4F63CD29C8}.Debug|Any CPU.Build.0 = Debug|Any CPU
		{95FB11CC-3DC1-462D-A7EE-EF4F63CD29C8}.Release|Any CPU.ActiveCfg = Release|Any CPU
		{95FB11CC-3DC1-462D-A7EE-EF4F63CD29C8}.Release|Any CPU.Build.0 = Release|Any CPU
	EndGlobalSection
	GlobalSection(SolutionProperties) = preSolution
		HideSolutionNode = FALSE
	EndGlobalSection
	GlobalSection(ExtensibilityGlobals) = postSolution
		SolutionGuid = {D398B1B3-AB1D-4D7F-AF05-125B08F6D013}
	EndGlobalSection
EndGlobal
